// !$*UTF8*$!
{
	archiveVersion = 1;
	classes = {
	};
	objectVersion = 56;
	objects = {

/* Begin PBXBuildFile section */
		A9A404BE291D60EF007FF871 /* CRUDExamenMobiliarioApp.swift in Sources */ = {isa = PBXBuildFile; fileRef = A9A404BD291D60EF007FF871 /* CRUDExamenMobiliarioApp.swift */; };
		A9A404C0291D60EF007FF871 /* ContentView.swift in Sources */ = {isa = PBXBuildFile; fileRef = A9A404BF291D60EF007FF871 /* ContentView.swift */; };
		A9A404C2291D60F0007FF871 /* Assets.xcassets in Resources */ = {isa = PBXBuildFile; fileRef = A9A404C1291D60F0007FF871 /* Assets.xcassets */; };
		A9A404C5291D60F0007FF871 /* Preview Assets.xcassets in Resources */ = {isa = PBXBuildFile; fileRef = A9A404C4291D60F0007FF871 /* Preview Assets.xcassets */; };
		A9A404C7291D60F0007FF871 /* Persistence.swift in Sources */ = {isa = PBXBuildFile; fileRef = A9A404C6291D60F0007FF871 /* Persistence.swift */; };
		A9A404CA291D60F0007FF871 /* CRUDExamenMobiliario.xcdatamodeld in Sources */ = {isa = PBXBuildFile; fileRef = A9A404C8291D60F0007FF871 /* CRUDExamenMobiliario.xcdatamodeld */; };
/* End PBXBuildFile section */

/* Begin PBXFileReference section */
		A9A404BA291D60EF007FF871 /* CRUDExamenMobiliario.app */ = {isa = PBXFileReference; explicitFileType = wrapper.application; includeInIndex = 0; path = CRUDExamenMobiliario.app; sourceTree = BUILT_PRODUCTS_DIR; };
		A9A404BD291D60EF007FF871 /* CRUDExamenMobiliarioApp.swift */ = {isa = PBXFileReference; lastKnownFileType = sourcecode.swift; path = CRUDExamenMobiliarioApp.swift; sourceTree = "<group>"; };
		A9A404BF291D60EF007FF871 /* ContentView.swift */ = {isa = PBXFileReference; lastKnownFileType = sourcecode.swift; path = ContentView.swift; sourceTree = "<group>"; };
		A9A404C1291D60F0007FF871 /* Assets.xcassets */ = {isa = PBXFileReference; lastKnownFileType = folder.assetcatalog; path = Assets.xcassets; sourceTree = "<group>"; };
		A9A404C4291D60F0007FF871 /* Preview Assets.xcassets */ = {isa = PBXFileReference; lastKnownFileType = folder.assetcatalog; path = "Preview Assets.xcassets"; sourceTree = "<group>"; };
		A9A404C6291D60F0007FF871 /* Persistence.swift */ = {isa = PBXFileReference; lastKnownFileType = sourcecode.swift; path = Persistence.swift; sourceTree = "<group>"; };
		A9A404C9291D60F0007FF871 /* CRUDExamenMobiliario.xcdatamodel */ = {isa = PBXFileReference; lastKnownFileType = wrapper.xcdatamodel; path = CRUDExamenMobiliario.xcdatamodel; sourceTree = "<group>"; };
/* End PBXFileReference section */

/* Begin PBXFrameworksBuildPhase section */
		A9A404B7291D60EF007FF871 /* Frameworks */ = {
			isa = PBXFrameworksBuildPhase;
			buildActionMask = 2147483647;
			files = (
			);
			runOnlyForDeploymentPostprocessing = 0;
		};
/* End PBXFrameworksBuildPhase section */

/* Begin PBXGroup section */
		A9A404B1291D60EF007FF871 = {
			isa = PBXGroup;
			children = (
				A9A404BC291D60EF007FF871 /* CRUDExamenMobiliario */,
				A9A404BB291D60EF007FF871 /* Products */,
			);
			sourceTree = "<group>";
		};
		A9A404BB291D60EF007FF871 /* Products */ = {
			isa = PBXGroup;
			children = (
				A9A404BA291D60EF007FF871 /* CRUDExamenMobiliario.app */,
			);
			name = Products;
			sourceTree = "<group>";
		};
		A9A404BC291D60EF007FF871 /* CRUDExamenMobiliario */ = {
			isa = PBXGroup;
			children = (
				A9A404BD291D60EF007FF871 /* CRUDExamenMobiliarioApp.swift */,
				A9A404BF291D60EF007FF871 /* ContentView.swift */,
				A9A404C1291D60F0007FF871 /* Assets.xcassets */,
				A9A404C6291D60F0007FF871 /* Persistence.swift */,
				A9A404C8291D60F0007FF871 /* CRUDExamenMobiliario.xcdatamodeld */,
				A9A404C3291D60F0007FF871 /* Preview Content */,
			);
			path = CRUDExamenMobiliario;
			sourceTree = "<group>";
		};
		A9A404C3291D60F0007FF871 /* Preview Content */ = {
			isa = PBXGroup;
			children = (
				A9A404C4291D60F0007FF871 /* Preview Assets.xcassets */,
			);
			path = "Preview Content";
			sourceTree = "<group>";
		};
/* End PBXGroup section */

/* Begin PBXNativeTarget section */
		A9A404B9291D60EF007FF871 /* CRUDExamenMobiliario */ = {
			isa = PBXNativeTarget;
			buildConfigurationList = A9A404CD291D60F0007FF871 /* Build configuration list for PBXNativeTarget "CRUDExamenMobiliario" */;
			buildPhases = (
				A9A404B6291D60EF007FF871 /* Sources */,
				A9A404B7291D60EF007FF871 /* Frameworks */,
				A9A404B8291D60EF007FF871 /* Resources */,
			);
			buildRules = (
			);
			dependencies = (
			);
			name = CRUDExamenMobiliario;
			productName = CRUDExamenMobiliario;
			productReference = A9A404BA291D60EF007FF871 /* CRUDExamenMobiliario.app */;
			productType = "com.apple.product-type.application";
		};
/* End PBXNativeTarget section */

/* Begin PBXProject section */
		A9A404B2291D60EF007FF871 /* Project object */ = {
			isa = PBXProject;
			attributes = {
				BuildIndependentTargetsInParallel = 1;
				LastSwiftUpdateCheck = 1400;
				LastUpgradeCheck = 1400;
				TargetAttributes = {
					A9A404B9291D60EF007FF871 = {
						CreatedOnToolsVersion = 14.0.1;
					};
				};
			};
			buildConfigurationList = A9A404B5291D60EF007FF871 /* Build configuration list for PBXProject "CRUDExamenMobiliario" */;
			compatibilityVersion = "Xcode 14.0";
			developmentRegion = en;
			hasScannedForEncodings = 0;
			knownRegions = (
				en,
				Base,
			);
			mainGroup = A9A404B1291D60EF007FF871;
			productRefGroup = A9A404BB291D60EF007FF871 /* Products */;
			projectDirPath = "";
			projectRoot = "";
			targets = (
				A9A404B9291D60EF007FF871 /* CRUDExamenMobiliario */,
			);
		};
/* End PBXProject section */

/* Begin PBXResourcesBuildPhase section */
		A9A404B8291D60EF007FF871 /* Resources */ = {
			isa = PBXResourcesBuildPhase;
			buildActionMask = 2147483647;
			files = (
				A9A404C5291D60F0007FF871 /* Preview Assets.xcassets in Resources */,
				A9A404C2291D60F0007FF871 /* Assets.xcassets in Resources */,
			);
			runOnlyForDeploymentPostprocessing = 0;
		};
/* End PBXResourcesBuildPhase section */

/* Begin PBXSourcesBuildPhase section */
		A9A404B6291D60EF007FF871 /* Sources */ = {
			isa = PBXSourcesBuildPhase;
			buildActionMask = 2147483647;
			files = (
				A9A404CA291D60F0007FF871 /* CRUDExamenMobiliario.xcdatamodeld in Sources */,
				A9A404C7291D60F0007FF871 /* Persistence.swift in Sources */,
				A9A404C0291D60EF007FF871 /* ContentView.swift in Sources */,
				A9A404BE291D60EF007FF871 /* CRUDExamenMobiliarioApp.swift in Sources */,
			);
			runOnlyForDeploymentPostprocessing = 0;
		};
/* End PBXSourcesBuildPhase section */

/* Begin XCBuildConfiguration section */
		A9A404CB291D60F0007FF871 /* Debug */ = {
			isa = XCBuildConfiguration;
			buildSettings = {
				ALWAYS_SEARCH_USER_PATHS = NO;
				CLANG_ANALYZER_NONNULL = YES;
				CLANG_ANALYZER_NUMBER_OBJECT_CONVERSION = YES_AGGRESSIVE;
				CLANG_CXX_LANGUAGE_STANDARD = "gnu++20";
				CLANG_ENABLE_MODULES = YES;
				CLANG_ENABLE_OBJC_ARC = YES;
				CLANG_ENABLE_OBJC_WEAK = YES;
				CLANG_WARN_BLOCK_CAPTURE_AUTORELEASING = YES;
				CLANG_WARN_BOOL_CONVERSION = YES;
				CLANG_WARN_COMMA = YES;
				CLANG_WARN_CONSTANT_CONVERSION = YES;
				CLANG_WARN_DEPRECATED_OBJC_IMPLEMENTATIONS = YES;
				CLANG_WARN_DIRECT_OBJC_ISA_USAGE = YES_ERROR;
				CLANG_WARN_DOCUMENTATION_COMMENTS = YES;
				CLANG_WARN_EMPTY_BODY = YES;
				CLANG_WARN_ENUM_CONVERSION = YES;
				CLANG_WARN_INFINITE_RECURSION = YES;
				CLANG_WARN_INT_CONVERSION = YES;
				CLANG_WARN_NON_LITERAL_NULL_CONVERSION = YES;
				CLANG_WARN_OBJC_IMPLICIT_RETAIN_SELF = YES;
				CLANG_WARN_OBJC_LITERAL_CONVERSION = YES;
				CLANG_WARN_OBJC_ROOT_CLASS = YES_ERROR;
				CLANG_WARN_QUOTED_INCLUDE_IN_FRAMEWORK_HEADER = YES;
				CLANG_WARN_RANGE_LOOP_ANALYSIS = YES;
				CLANG_WARN_STRICT_PROTOTYPES = YES;
				CLANG_WARN_SUSPICIOUS_MOVE = YES;
				CLANG_WARN_UNGUARDED_AVAILABILITY = YES_AGGRESSIVE;
				CLANG_WARN_UNREACHABLE_CODE = YES;
				CLANG_WARN__DUPLICATE_METHOD_MATCH = YES;
				COPY_PHASE_STRIP = NO;
				DEBUG_INFORMATION_FORMAT = dwarf;
				ENABLE_STRICT_OBJC_MSGSEND = YES;
				ENABLE_TESTABILITY = YES;
				GCC_C_LANGUAGE_STANDARD = gnu11;
				GCC_DYNAMIC_NO_PIC = NO;
				GCC_NO_COMMON_BLOCKS = YES;
				GCC_OPTIMIZATION_LEVEL = 0;
				GCC_PREPROCESSOR_DEFINITIONS = (
					"DEBUG=1",
					"$(inherited)",
				);
				GCC_WARN_64_TO_32_BIT_CONVERSION = YES;
				GCC_WARN_ABOUT_RETURN_TYPE = YES_ERROR;
				GCC_WARN_UNDECLARED_SELECTOR = YES;
				GCC_WARN_UNINITIALIZED_AUTOS = YES_AGGRESSIVE;
				GCC_WARN_UNUSED_FUNCTION = YES;
				GCC_WARN_UNUSED_VARIABLE = YES;
				IPHONEOS_DEPLOYMENT_TARGET = 16.0;
				MTL_ENABLE_DEBUG_INFO = INCLUDE_SOURCE;
				MTL_FAST_MATH = YES;
				ONLY_ACTIVE_ARCH = YES;
				SDKROOT = iphoneos;
				SWIFT_ACTIVE_COMPILATION_CONDITIONS = DEBUG;
				SWIFT_OPTIMIZATION_LEVEL = "-Onone";
			};
			name = Debug;
		};
		A9A404CC291D60F0007FF871 /* Release */ = {
			isa = XCBuildConfiguration;
			buildSettings = {
				ALWAYS_SEARCH_USER_PATHS = NO;
				CLANG_ANALYZER_NONNULL = YES;
				CLANG_ANALYZER_NUMBER_OBJECT_CONVERSION = YES_AGGRESSIVE;
				CLANG_CXX_LANGUAGE_STANDARD = "gnu++20";
				CLANG_ENABLE_MODULES = YES;
				CLANG_ENABLE_OBJC_ARC = YES;
				CLANG_ENABLE_OBJC_WEAK = YES;
				CLANG_WARN_BLOCK_CAPTURE_AUTORELEASING = YES;
				CLANG_WARN_BOOL_CONVERSION = YES;
				CLANG_WARN_COMMA = YES;
				CLANG_WARN_CONSTANT_CONVERSION = YES;
				CLANG_WARN_DEPRECATED_OBJC_IMPLEMENTATIONS = YES;
				CLANG_WARN_DIRECT_OBJC_ISA_USAGE = YES_ERROR;
				CLANG_WARN_DOCUMENTATION_COMMENTS = YES;
				CLANG_WARN_EMPTY_BODY = YES;
				CLANG_WARN_ENUM_CONVERSION = YES;
				CLANG_WARN_INFINITE_RECURSION = YES;
				CLANG_WARN_INT_CONVERSION = YES;
				CLANG_WARN_NON_LITERAL_NULL_CONVERSION = YES;
				CLANG_WARN_OBJC_IMPLICIT_RETAIN_SELF = YES;
				CLANG_WARN_OBJC_LITERAL_CONVERSION = YES;
				CLANG_WARN_OBJC_ROOT_CLASS = YES_ERROR;
				CLANG_WARN_QUOTED_INCLUDE_IN_FRAMEWORK_HEADER = YES;
				CLANG_WARN_RANGE_LOOP_ANALYSIS = YES;
				CLANG_WARN_STRICT_PROTOTYPES = YES;
				CLANG_WARN_SUSPICIOUS_MOVE = YES;
				CLANG_WARN_UNGUARDED_AVAILABILITY = YES_AGGRESSIVE;
				CLANG_WARN_UNREACHABLE_CODE = YES;
				CLANG_WARN__DUPLICATE_METHOD_MATCH = YES;
				COPY_PHASE_STRIP = NO;
				DEBUG_INFORMATION_FORMAT = "dwarf-with-dsym";
				ENABLE_NS_ASSERTIONS = NO;
				ENABLE_STRICT_OBJC_MSGSEND = YES;
				GCC_C_LANGUAGE_STANDARD = gnu11;
				GCC_NO_COMMON_BLOCKS = YES;
				GCC_WARN_64_TO_32_BIT_CONVERSION = YES;
				GCC_WARN_ABOUT_RETURN_TYPE = YES_ERROR;
				GCC_WARN_UNDECLARED_SELECTOR = YES;
				GCC_WARN_UNINITIALIZED_AUTOS = YES_AGGRESSIVE;
				GCC_WARN_UNUSED_FUNCTION = YES;
				GCC_WARN_UNUSED_VARIABLE = YES;
				IPHONEOS_DEPLOYMENT_TARGET = 16.0;
				MTL_ENABLE_DEBUG_INFO = NO;
				MTL_FAST_MATH = YES;
				SDKROOT = iphoneos;
				SWIFT_COMPILATION_MODE = wholemodule;
				SWIFT_OPTIMIZATION_LEVEL = "-O";
				VALIDATE_PRODUCT = YES;
			};
			name = Release;
		};
		A9A404CE291D60F0007FF871 /* Debug */ = {
			isa = XCBuildConfiguration;
			buildSettings = {
				ASSETCATALOG_COMPILER_APPICON_NAME = AppIcon;
				ASSETCATALOG_COMPILER_GLOBAL_ACCENT_COLOR_NAME = AccentColor;
				CODE_SIGN_STYLE = Automatic;
				CURRENT_PROJECT_VERSION = 1;
				DEVELOPMENT_ASSET_PATHS = "\"CRUDExamenMobiliario/Preview Content\"";
				DEVELOPMENT_TEAM = 377CYK8CQV;
				ENABLE_PREVIEWS = YES;
				GENERATE_INFOPLIST_FILE = YES;
				INFOPLIST_KEY_UIApplicationSceneManifest_Generation = YES;
				INFOPLIST_KEY_UIApplicationSupportsIndirectInputEvents = YES;
				INFOPLIST_KEY_UILaunchScreen_Generation = YES;
				INFOPLIST_KEY_UISupportedInterfaceOrientations_iPad = "UIInterfaceOrientationPortrait UIInterfaceOrientationPortraitUpsideDown UIInterfaceOrientationLandscapeLeft UIInterfaceOrientationLandscapeRight";
				INFOPLIST_KEY_UISupportedInterfaceOrientations_iPhone = "UIInterfaceOrientationPortrait UIInterfaceOrientationLandscapeLeft UIInterfaceOrientationLandscapeRight";
				LD_RUNPATH_SEARCH_PATHS = (
					"$(inherited)",
					"@executable_path/Frameworks",
				);
				MARKETING_VERSION = 1.0;
				PRODUCT_BUNDLE_IDENTIFIER = Rmgh.CRUDExamenMobiliario;
				PRODUCT_NAME = "$(TARGET_NAME)";
				SWIFT_EMIT_LOC_STRINGS = YES;
				SWIFT_VERSION = 5.0;
				TARGETED_DEVICE_FAMILY = "1,2";
			};
			name = Debug;
		};
		A9A404CF291D60F0007FF871 /* Release */ = {
			isa = XCBuildConfiguration;
			buildSettings = {
				ASSETCATALOG_COMPILER_APPICON_NAME = AppIcon;
				ASSETCATALOG_COMPILER_GLOBAL_ACCENT_COLOR_NAME = AccentColor;
				CODE_SIGN_STYLE = Automatic;
				CURRENT_PROJECT_VERSION = 1;
				DEVELOPMENT_ASSET_PATHS = "\"CRUDExamenMobiliario/Preview Content\"";
				DEVELOPMENT_TEAM = 377CYK8CQV;
				ENABLE_PREVIEWS = YES;
				GENERATE_INFOPLIST_FILE = YES;
				INFOPLIST_KEY_UIApplicationSceneManifest_Generation = YES;
				INFOPLIST_KEY_UIApplicationSupportsIndirectInputEvents = YES;
				INFOPLIST_KEY_UILaunchScreen_Generation = YES;
				INFOPLIST_KEY_UISupportedInterfaceOrientations_iPad = "UIInterfaceOrientationPortrait UIInterfaceOrientationPortraitUpsideDown UIInterfaceOrientationLandscapeLeft UIInterfaceOrientationLandscapeRight";
				INFOPLIST_KEY_UISupportedInterfaceOrientations_iPhone = "UIInterfaceOrientationPortrait UIInterfaceOrientationLandscapeLeft UIInterfaceOrientationLandscapeRight";
				LD_RUNPATH_SEARCH_PATHS = (
					"$(inherited)",
					"@executable_path/Frameworks",
				);
				MARKETING_VERSION = 1.0;
				PRODUCT_BUNDLE_IDENTIFIER = Rmgh.CRUDExamenMobiliario;
				PRODUCT_NAME = "$(TARGET_NAME)";
				SWIFT_EMIT_LOC_STRINGS = YES;
				SWIFT_VERSION = 5.0;
				TARGETED_DEVICE_FAMILY = "1,2";
			};
			name = Release;
		};
/* End XCBuildConfiguration section */

/* Begin XCConfigurationList section */
		A9A404B5291D60EF007FF871 /* Build configuration list for PBXProject "CRUDExamenMobiliario" */ = {
			isa = XCConfigurationList;
			buildConfigurations = (
				A9A404CB291D60F0007FF871 /* Debug */,
				A9A404CC291D60F0007FF871 /* Release */,
			);
			defaultConfigurationIsVisible = 0;
			defaultConfigurationName = Release;
		};
		A9A404CD291D60F0007FF871 /* Build configuration list for PBXNativeTarget "CRUDExamenMobiliario" */ = {
			isa = XCConfigurationList;
			buildConfigurations = (
				A9A404CE291D60F0007FF871 /* Debug */,
				A9A404CF291D60F0007FF871 /* Release */,
			);
			defaultConfigurationIsVisible = 0;
			defaultConfigurationName = Release;
		};
/* End XCConfigurationList section */

/* Begin XCVersionGroup section */
		A9A404C8291D60F0007FF871 /* CRUDExamenMobiliario.xcdatamodeld */ = {
			isa = XCVersionGroup;
			children = (
				A9A404C9291D60F0007FF871 /* CRUDExamenMobiliario.xcdatamodel */,
			);
			currentVersion = A9A404C9291D60F0007FF871 /* CRUDExamenMobiliario.xcdatamodel */;
			path = CRUDExamenMobiliario.xcdatamodeld;
			sourceTree = "<group>";
			versionGroupType = wrapper.xcdatamodel;
		};
/* End XCVersionGroup section */
	};
	rootObject = A9A404B2291D60EF007FF871 /* Project object */;
}
